// !$*UTF8*$!
{
	archiveVersion = 1;
	classes = {
	};
	objectVersion = 46;
	objects = {

/* Begin PBXBuildFile section */
		82BD7FC41CECBB0700BD255D /* ZQProject.h in Headers */ = {isa = PBXBuildFile; fileRef = 82BD7FC31CECBB0700BD255D /* ZQProject.h */; settings = {ATTRIBUTES = (Public, ); }; };
		82BD7FCF1CECBB5200BD255D /* UIColor+ZQFProject.h in Headers */ = {isa = PBXBuildFile; fileRef = 82BD7FCD1CECBB5200BD255D /* UIColor+ZQFProject.h */; };
		82BD7FD01CECBB5200BD255D /* UIColor+ZQFProject.m in Sources */ = {isa = PBXBuildFile; fileRef = 82BD7FCE1CECBB5200BD255D /* UIColor+ZQFProject.m */; };
/* End PBXBuildFile section */

/* Begin PBXFileReference section */
		82BD7FC01CECBB0700BD255D /* ZQProject.framework */ = {isa = PBXFileReference; explicitFileType = wrapper.framework; includeInIndex = 0; path = ZQProject.framework; sourceTree = BUILT_PRODUCTS_DIR; };
		82BD7FC31CECBB0700BD255D /* ZQProject.h */ = {isa = PBXFileReference; lastKnownFileType = sourcecode.c.h; path = ZQProject.h; sourceTree = "<group>"; };
		82BD7FC51CECBB0700BD255D /* Info.plist */ = {isa = PBXFileReference; lastKnownFileType = text.plist.xml; path = Info.plist; sourceTree = "<group>"; };
		82BD7FCD1CECBB5200BD255D /* UIColor+ZQFProject.h */ = {isa = PBXFileReference; fileEncoding = 4; lastKnownFileType = sourcecode.c.h; path = "UIColor+ZQFProject.h"; sourceTree = "<group>"; };
		82BD7FCE1CECBB5200BD255D /* UIColor+ZQFProject.m */ = {isa = PBXFileReference; fileEncoding = 4; lastKnownFileType = sourcecode.c.objc; path = "UIColor+ZQFProject.m"; sourceTree = "<group>"; };
/* End PBXFileReference section */

/* Begin PBXFrameworksBuildPhase section */
		82BD7FBC1CECBB0700BD255D /* Frameworks */ = {
			isa = PBXFrameworksBuildPhase;
			buildActionMask = 2147483647;
			files = (
			);
			runOnlyForDeploymentPostprocessing = 0;
		};
/* End PBXFrameworksBuildPhase section */

/* Begin PBXGroup section */
		82BD7FB61CECBB0700BD255D = {
			isa = PBXGroup;
			children = (
				82BD7FC21CECBB0700BD255D /* ZQProject */,
				82BD7FC11CECBB0700BD255D /* Products */,
			);
			sourceTree = "<group>";
		};
		82BD7FC11CECBB0700BD255D /* Products */ = {
			isa = PBXGroup;
			children = (
				82BD7FC01CECBB0700BD255D /* ZQProject.framework */,
			);
			name = Products;
			sourceTree = "<group>";
		};
		82BD7FC21CECBB0700BD255D /* ZQProject */ = {
			isa = PBXGroup;
			children = (
				82BD7FCB1CECBB3800BD255D /* Foundation */,
				82BD7FCC1CECBB3800BD255D /* UIKit */,
				82BD7FC31CECBB0700BD255D /* ZQProject.h */,
				82BD7FC51CECBB0700BD255D /* Info.plist */,
			);
			path = ZQProject;
			sourceTree = "<group>";
		};
		82BD7FCB1CECBB3800BD255D /* Foundation */ = {
			isa = PBXGroup;
			children = (
			);
			path = Foundation;
			sourceTree = "<group>";
		};
		82BD7FCC1CECBB3800BD255D /* UIKit */ = {
			isa = PBXGroup;
			children = (
				82BD7FCD1CECBB5200BD255D /* UIColor+ZQFProject.h */,
				82BD7FCE1CECBB5200BD255D /* UIColor+ZQFProject.m */,
			);
			path = UIKit;
			sourceTree = "<group>";
		};
/* End PBXGroup section */

/* Begin PBXHeadersBuildPhase section */
		82BD7FBD1CECBB0700BD255D /* Headers */ = {
			isa = PBXHeadersBuildPhase;
			buildActionMask = 2147483647;
			files = (
				82BD7FCF1CECBB5200BD255D /* UIColor+ZQFProject.h in Headers */,
				82BD7FC41CECBB0700BD255D /* ZQProject.h in Headers */,
			);
			runOnlyForDeploymentPostprocessing = 0;
		};
/* End PBXHeadersBuildPhase section */

/* Begin PBXNativeTarget section */
		82BD7FBF1CECBB0700BD255D /* ZQProject */ = {
			isa = PBXNativeTarget;
			buildConfigurationList = 82BD7FC81CECBB0700BD255D /* Build configuration list for PBXNativeTarget "ZQProject" */;
			buildPhases = (
				82BD7FBB1CECBB0700BD255D /* Sources */,
				82BD7FBC1CECBB0700BD255D /* Frameworks */,
				82BD7FBD1CECBB0700BD255D /* Headers */,
				82BD7FBE1CECBB0700BD255D /* Resources */,
			);
			buildRules = (
			);
			dependencies = (
			);
			name = ZQProject;
			productName = ZQProject;
			productReference = 82BD7FC01CECBB0700BD255D /* ZQProject.framework */;
			productType = "com.apple.product-type.framework";
		};
/* End PBXNativeTarget section */

/* Begin PBXProject section */
		82BD7FB71CECBB0700BD255D /* Project object */ = {
			isa = PBXProject;
			attributes = {
				LastUpgradeCheck = 0730;
				ORGANIZATIONNAME = ZhaiQiang;
				TargetAttributes = {
					82BD7FBF1CECBB0700BD255D = {
						CreatedOnToolsVersion = 7.3.1;
					};
				};
			};
			buildConfigurationList = 82BD7FBA1CECBB0700BD255D /* Build configuration list for PBXProject "ZQProject" */;
			compatibilityVersion = "Xcode 3.2";
			developmentRegion = English;
			hasScannedForEncodings = 0;
			knownRegions = (
				en,
			);
			mainGroup = 82BD7FB61CECBB0700BD255D;
			productRefGroup = 82BD7FC11CECBB0700BD255D /* Products */;
			projectDirPath = "";
			projectRoot = "";
			targets = (
				82BD7FBF1CECBB0700BD255D /* ZQProject */,
			);
		};
/* End PBXProject section */

/* Begin PBXResourcesBuildPhase section */
		82BD7FBE1CECBB0700BD255D /* Resources */ = {
			isa = PBXResourcesBuildPhase;
			buildActionMask = 2147483647;
			files = (
			);
			runOnlyForDeploymentPostprocessing = 0;
		};
/* End PBXResourcesBuildPhase section */

/* Begin PBXSourcesBuildPhase section */
		82BD7FBB1CECBB0700BD255D /* Sources */ = {
			isa = PBXSourcesBuildPhase;
			buildActionMask = 2147483647;
			files = (
				82BD7FD01CECBB5200BD255D /* UIColor+ZQFProject.m in Sources */,
			);
			runOnlyForDeploymentPostprocessing = 0;
		};
/* End PBXSourcesBuildPhase section */

/* Begin XCBuildConfiguration section */
		82BD7FC61CECBB0700BD255D /* Debug */ = {
			isa = XCBuildConfiguration;
			buildSettings = {
				ALWAYS_SEARCH_USER_PATHS = NO;
				CLANG_ANALYZER_NONNULL = YES;
				CLANG_CXX_LANGUAGE_STANDARD = "gnu++0x";
				CLANG_CXX_LIBRARY = "libc++";
				CLANG_ENABLE_MODULES = YES;
				CLANG_ENABLE_OBJC_ARC = YES;
				CLANG_WARN_BOOL_CONVERSION = YES;
				CLANG_WARN_CONSTANT_CONVERSION = YES;
				CLANG_WARN_DIRECT_OBJC_ISA_USAGE = YES_ERROR;
				CLANG_WARN_EMPTY_BODY = YES;
				CLANG_WARN_ENUM_CONVERSION = YES;
				CLANG_WARN_INT_CONVERSION = YES;
				CLANG_WARN_OBJC_ROOT_CLASS = YES_ERROR;
				CLANG_WARN_UNREACHABLE_CODE = YES;
				CLANG_WARN__DUPLICATE_METHOD_MATCH = YES;
				"CODE_SIGN_IDENTITY[sdk=iphoneos*]" = "iPhone Developer";
				COPY_PHASE_STRIP = NO;
				CURRENT_PROJECT_VERSION = 1;
				DEBUG_INFORMATION_FORMAT = dwarf;
				ENABLE_STRICT_OBJC_MSGSEND = YES;
				ENABLE_TESTABILITY = YES;
				GCC_C_LANGUAGE_STANDARD = gnu99;
				GCC_DYNAMIC_NO_PIC = NO;
				GCC_NO_COMMON_BLOCKS = YES;
				GCC_OPTIMIZATION_LEVEL = 0;
				GCC_PREPROCESSOR_DEFINITIONS = (
					"DEBUG=1",
					"$(inherited)",
				);
				GCC_WARN_64_TO_32_BIT_CONVERSION = YES;
				GCC_WARN_ABOUT_RETURN_TYPE = YES_ERROR;
				GCC_WARN_UNDECLARED_SELECTOR = YES;
				GCC_WARN_UNINITIALIZED_AUTOS = YES_AGGRESSIVE;
				GCC_WARN_UNUSED_FUNCTION = YES;
				GCC_WARN_UNUSED_VARIABLE = YES;
				IPHONEOS_DEPLOYMENT_TARGET = 9.3;
				MTL_ENABLE_DEBUG_INFO = YES;
				ONLY_ACTIVE_ARCH = YES;
				SDKROOT = iphoneos;
				TARGETED_DEVICE_FAMILY = "1,2";
				VERSIONING_SYSTEM = "apple-generic";
				VERSION_INFO_PREFIX = "";
			};
			name = Debug;
		};
		82BD7FC71CECBB0700BD255D /* Release */ = {
			isa = XCBuildConfiguration;
			buildSettings = {
				ALWAYS_SEARCH_USER_PATHS = NO;
				CLANG_ANALYZER_NONNULL = YES;
				CLANG_CXX_LANGUAGE_STANDARD = "gnu++0x";
				CLANG_CXX_LIBRARY = "libc++";
				CLANG_ENABLE_MODULES = YES;
				CLANG_ENABLE_OBJC_ARC = YES;
				CLANG_WARN_BOOL_CONVERSION = YES;
				CLANG_WARN_CONSTANT_CONVERSION = YES;
				CLANG_WARN_DIRECT_OBJC_ISA_USAGE = YES_ERROR;
				CLANG_WARN_EMPTY_BODY = YES;
				CLANG_WARN_ENUM_CONVERSION = YES;
				CLANG_WARN_INT_CONVERSION = YES;
				CLANG_WARN_OBJC_ROOT_CLASS = YES_ERROR;
				CLANG_WARN_UNREACHABLE_CODE = YES;
				CLANG_WARN__DUPLICATE_METHOD_MATCH = YES;
				"CODE_SIGN_IDENTITY[sdk=iphoneos*]" = "iPhone Developer";
				COPY_PHASE_STRIP = NO;
				CURRENT_PROJECT_VERSION = 1;
				DEBUG_INFORMATION_FORMAT = "dwarf-with-dsym";
				ENABLE_NS_ASSERTIONS = NO;
				ENABLE_STRICT_OBJC_MSGSEND = YES;
				GCC_C_LANGUAGE_STANDARD = gnu99;
				GCC_NO_COMMON_BLOCKS = YES;
				GCC_WARN_64_TO_32_BIT_CONVERSION = YES;
				GCC_WARN_ABOUT_RETURN_TYPE = YES_ERROR;
				GCC_WARN_UNDECLARED_SELECTOR = YES;
				GCC_WARN_UNINITIALIZED_AUTOS = YES_AGGRESSIVE;
				GCC_WARN_UNUSED_FUNCTION = YES;
				GCC_WARN_UNUSED_VARIABLE = YES;
				IPHONEOS_DEPLOYMENT_TARGET = 9.3;
				MTL_ENABLE_DEBUG_INFO = NO;
				SDKROOT = iphoneos;
				TARGETED_DEVICE_FAMILY = "1,2";
				VALIDATE_PRODUCT = YES;
				VERSIONING_SYSTEM = "apple-generic";
				VERSION_INFO_PREFIX = "";
			};
			name = Release;
		};
		82BD7FC91CECBB0700BD255D /* Debug */ = {
			isa = XCBuildConfiguration;
			buildSettings = {
				DEFINES_MODULE = YES;
				DYLIB_COMPATIBILITY_VERSION = 1;
				DYLIB_CURRENT_VERSION = 1;
				DYLIB_INSTALL_NAME_BASE = "@rpath";
				INFOPLIST_FILE = ZQProject/Info.plist;
				INSTALL_PATH = "$(LOCAL_LIBRARY_DIR)/Frameworks";
				LD_RUNPATH_SEARCH_PATHS = "$(inherited) @executable_path/Frameworks @loader_path/Frameworks";
				PRODUCT_BUNDLE_IDENTIFIER = cn.nstimer.ZQProject;
				PRODUCT_NAME = "$(TARGET_NAME)";
				SKIP_INSTALL = YES;
			};
			name = Debug;
		};
		82BD7FCA1CECBB0700BD255D /* Release */ = {
			isa = XCBuildConfiguration;
			buildSettings = {
				DEFINES_MODULE = YES;
				DYLIB_COMPATIBILITY_VERSION = 1;
				DYLIB_CURRENT_VERSION = 1;
				DYLIB_INSTALL_NAME_BASE = "@rpath";
				INFOPLIST_FILE = ZQProject/Info.plist;
				INSTALL_PATH = "$(LOCAL_LIBRARY_DIR)/Frameworks";
				LD_RUNPATH_SEARCH_PATHS = "$(inherited) @executable_path/Frameworks @loader_path/Frameworks";
				PRODUCT_BUNDLE_IDENTIFIER = cn.nstimer.ZQProject;
				PRODUCT_NAME = "$(TARGET_NAME)";
				SKIP_INSTALL = YES;
			};
			name = Release;
		};
/* End XCBuildConfiguration section */

/* Begin XCConfigurationList section */
		82BD7FBA1CECBB0700BD255D /* Build configuration list for PBXProject "ZQProject" */ = {
			isa = XCConfigurationList;
			buildConfigurations = (
				82BD7FC61CECBB0700BD255D /* Debug */,
				82BD7FC71CECBB0700BD255D /* Release */,
			);
			defaultConfigurationIsVisible = 0;
			defaultConfigurationName = Release;
		};
		82BD7FC81CECBB0700BD255D /* Build configuration list for PBXNativeTarget "ZQProject" */ = {
			isa = XCConfigurationList;
			buildConfigurations = (
				82BD7FC91CECBB0700BD255D /* Debug */,
				82BD7FCA1CECBB0700BD255D /* Release */,
			);
			defaultConfigurationIsVisible = 0;
		};
/* End XCConfigurationList section */
	};
	rootObject = 82BD7FB71CECBB0700BD255D /* Project object */;
}
